// !$*UTF8*$!
{
	archiveVersion = 1;
	classes = {
	};
	objectVersion = 51;
	objects = {

/* Begin PBXBuildFile section */
		9746777027B9221E00F6F7BE /* PostViewController.swift in Sources */ = {isa = PBXBuildFile; fileRef = 9746776F27B9221E00F6F7BE /* PostViewController.swift */; };
		9746777427B9237B00F6F7BE /* Post.swift in Sources */ = {isa = PBXBuildFile; fileRef = 9746777327B9237B00F6F7BE /* Post.swift */; };
		9746777827B92E7C00F6F7BE /* PostFetcher.swift in Sources */ = {isa = PBXBuildFile; fileRef = 9746777727B92E7C00F6F7BE /* PostFetcher.swift */; };
		97CFC3D327B85C23007001D3 /* AppDelegate.swift in Sources */ = {isa = PBXBuildFile; fileRef = 97CFC3D227B85C23007001D3 /* AppDelegate.swift */; };
		97CFC3D527B85C23007001D3 /* SceneDelegate.swift in Sources */ = {isa = PBXBuildFile; fileRef = 97CFC3D427B85C23007001D3 /* SceneDelegate.swift */; };
		97CFC3D727B85C23007001D3 /* ViewController.swift in Sources */ = {isa = PBXBuildFile; fileRef = 97CFC3D627B85C23007001D3 /* ViewController.swift */; };
		97CFC3DA27B85C23007001D3 /* Main.storyboard in Resources */ = {isa = PBXBuildFile; fileRef = 97CFC3D827B85C23007001D3 /* Main.storyboard */; };
		97CFC3DC27B85C26007001D3 /* Assets.xcassets in Resources */ = {isa = PBXBuildFile; fileRef = 97CFC3DB27B85C26007001D3 /* Assets.xcassets */; };
		97CFC3DF27B85C26007001D3 /* LaunchScreen.storyboard in Resources */ = {isa = PBXBuildFile; fileRef = 97CFC3DD27B85C26007001D3 /* LaunchScreen.storyboard */; };
		AC1663A7CDBE2609CF9CA0AC /* Pods_RedditAggregator.framework in Frameworks */ = {isa = PBXBuildFile; fileRef = 387AAF60F3DC72441C2C1FFE /* Pods_RedditAggregator.framework */; };
/* End PBXBuildFile section */

/* Begin PBXFileReference section */
		387AAF60F3DC72441C2C1FFE /* Pods_RedditAggregator.framework */ = {isa = PBXFileReference; explicitFileType = wrapper.framework; includeInIndex = 0; path = Pods_RedditAggregator.framework; sourceTree = BUILT_PRODUCTS_DIR; };
		3E724C75DCBA2CD926AFAAC5 /* Pods-RedditAggregator.debug.xcconfig */ = {isa = PBXFileReference; includeInIndex = 1; lastKnownFileType = text.xcconfig; name = "Pods-RedditAggregator.debug.xcconfig"; path = "Target Support Files/Pods-RedditAggregator/Pods-RedditAggregator.debug.xcconfig"; sourceTree = "<group>"; };
		5F11D6EA5CABC7DBEEB2E37E /* Pods-RedditAggregator.release.xcconfig */ = {isa = PBXFileReference; includeInIndex = 1; lastKnownFileType = text.xcconfig; name = "Pods-RedditAggregator.release.xcconfig"; path = "Target Support Files/Pods-RedditAggregator/Pods-RedditAggregator.release.xcconfig"; sourceTree = "<group>"; };
		9746776F27B9221E00F6F7BE /* PostViewController.swift */ = {isa = PBXFileReference; lastKnownFileType = sourcecode.swift; path = PostViewController.swift; sourceTree = "<group>"; };
		9746777327B9237B00F6F7BE /* Post.swift */ = {isa = PBXFileReference; lastKnownFileType = sourcecode.swift; path = Post.swift; sourceTree = "<group>"; };
		9746777727B92E7C00F6F7BE /* PostFetcher.swift */ = {isa = PBXFileReference; lastKnownFileType = sourcecode.swift; path = PostFetcher.swift; sourceTree = "<group>"; };
		97CFC3CF27B85C23007001D3 /* RedditAggregator.app */ = {isa = PBXFileReference; explicitFileType = wrapper.application; includeInIndex = 0; path = RedditAggregator.app; sourceTree = BUILT_PRODUCTS_DIR; };
		97CFC3D227B85C23007001D3 /* AppDelegate.swift */ = {isa = PBXFileReference; lastKnownFileType = sourcecode.swift; path = AppDelegate.swift; sourceTree = "<group>"; };
		97CFC3D427B85C23007001D3 /* SceneDelegate.swift */ = {isa = PBXFileReference; lastKnownFileType = sourcecode.swift; path = SceneDelegate.swift; sourceTree = "<group>"; };
		97CFC3D627B85C23007001D3 /* ViewController.swift */ = {isa = PBXFileReference; lastKnownFileType = sourcecode.swift; path = ViewController.swift; sourceTree = "<group>"; };
		97CFC3D927B85C23007001D3 /* Base */ = {isa = PBXFileReference; lastKnownFileType = file.storyboard; name = Base; path = Base.lproj/Main.storyboard; sourceTree = "<group>"; };
		97CFC3DB27B85C26007001D3 /* Assets.xcassets */ = {isa = PBXFileReference; lastKnownFileType = folder.assetcatalog; path = Assets.xcassets; sourceTree = "<group>"; };
		97CFC3DE27B85C26007001D3 /* Base */ = {isa = PBXFileReference; lastKnownFileType = file.storyboard; name = Base; path = Base.lproj/LaunchScreen.storyboard; sourceTree = "<group>"; };
		97CFC3E027B85C26007001D3 /* Info.plist */ = {isa = PBXFileReference; lastKnownFileType = text.plist.xml; path = Info.plist; sourceTree = "<group>"; };
/* End PBXFileReference section */

/* Begin PBXFrameworksBuildPhase section */
		97CFC3CC27B85C23007001D3 /* Frameworks */ = {
			isa = PBXFrameworksBuildPhase;
			buildActionMask = 2147483647;
			files = (
				AC1663A7CDBE2609CF9CA0AC /* Pods_RedditAggregator.framework in Frameworks */,
			);
			runOnlyForDeploymentPostprocessing = 0;
		};
/* End PBXFrameworksBuildPhase section */

/* Begin PBXGroup section */
		27C491399312E3E94EB246F3 /* Pods */ = {
			isa = PBXGroup;
			children = (
				3E724C75DCBA2CD926AFAAC5 /* Pods-RedditAggregator.debug.xcconfig */,
				5F11D6EA5CABC7DBEEB2E37E /* Pods-RedditAggregator.release.xcconfig */,
			);
			path = Pods;
			sourceTree = "<group>";
		};
		9746777227B9234B00F6F7BE /* Post properties */ = {
			isa = PBXGroup;
			children = (
				9746777327B9237B00F6F7BE /* Post.swift */,
				9746777727B92E7C00F6F7BE /* PostFetcher.swift */,
			);
			path = "Post properties";
			sourceTree = "<group>";
		};
		97CFC3C627B85C23007001D3 = {
			isa = PBXGroup;
			children = (
				97CFC3D127B85C23007001D3 /* RedditAggregator */,
				97CFC3D027B85C23007001D3 /* Products */,
				27C491399312E3E94EB246F3 /* Pods */,
				C3C27643E2E7AA8362F0592B /* Frameworks */,
			);
			sourceTree = "<group>";
		};
		97CFC3D027B85C23007001D3 /* Products */ = {
			isa = PBXGroup;
			children = (
				97CFC3CF27B85C23007001D3 /* RedditAggregator.app */,
			);
			name = Products;
			sourceTree = "<group>";
		};
		97CFC3D127B85C23007001D3 /* RedditAggregator */ = {
			isa = PBXGroup;
			children = (
				9746777227B9234B00F6F7BE /* Post properties */,
				97CFC3EE27B85D3B007001D3 /* Resources */,
				97CFC3E927B85C8D007001D3 /* Stories */,
				97CFC3E827B85C76007001D3 /* App */,
				97CFC3E027B85C26007001D3 /* Info.plist */,
			);
			path = RedditAggregator;
			sourceTree = "<group>";
		};
		97CFC3E827B85C76007001D3 /* App */ = {
			isa = PBXGroup;
			children = (
				97CFC3D427B85C23007001D3 /* SceneDelegate.swift */,
				97CFC3D227B85C23007001D3 /* AppDelegate.swift */,
			);
			path = App;
			sourceTree = "<group>";
		};
		97CFC3E927B85C8D007001D3 /* Stories */ = {
			isa = PBXGroup;
			children = (
				97CFC3D627B85C23007001D3 /* ViewController.swift */,
				9746776F27B9221E00F6F7BE /* PostViewController.swift */,
			);
			path = Stories;
			sourceTree = "<group>";
		};
		97CFC3EE27B85D3B007001D3 /* Resources */ = {
			isa = PBXGroup;
			children = (
				97CFC3DD27B85C26007001D3 /* LaunchScreen.storyboard */,
				97CFC3D827B85C23007001D3 /* Main.storyboard */,
				97CFC3DB27B85C26007001D3 /* Assets.xcassets */,
			);
			path = Resources;
			sourceTree = "<group>";
		};
		C3C27643E2E7AA8362F0592B /* Frameworks */ = {
			isa = PBXGroup;
			children = (
				387AAF60F3DC72441C2C1FFE /* Pods_RedditAggregator.framework */,
			);
			name = Frameworks;
			sourceTree = "<group>";
		};
/* End PBXGroup section */

/* Begin PBXNativeTarget section */
		97CFC3CE27B85C23007001D3 /* RedditAggregator */ = {
			isa = PBXNativeTarget;
			buildConfigurationList = 97CFC3E327B85C26007001D3 /* Build configuration list for PBXNativeTarget "RedditAggregator" */;
			buildPhases = (
				21BB206B3ACF3A2E455E80BE /* [CP] Check Pods Manifest.lock */,
				97CFC3CB27B85C23007001D3 /* Sources */,
				97CFC3CC27B85C23007001D3 /* Frameworks */,
				97CFC3CD27B85C23007001D3 /* Resources */,
				F264DE1501FF90B99A602C43 /* [CP] Embed Pods Frameworks */,
			);
			buildRules = (
			);
			dependencies = (
			);
			name = RedditAggregator;
			productName = RedditAggregator;
			productReference = 97CFC3CF27B85C23007001D3 /* RedditAggregator.app */;
			productType = "com.apple.product-type.application";
		};
/* End PBXNativeTarget section */

/* Begin PBXProject section */
		97CFC3C727B85C23007001D3 /* Project object */ = {
			isa = PBXProject;
			attributes = {
				LastSwiftUpdateCheck = 1240;
				LastUpgradeCheck = 1240;
				TargetAttributes = {
					97CFC3CE27B85C23007001D3 = {
						CreatedOnToolsVersion = 12.4;
					};
				};
			};
			buildConfigurationList = 97CFC3CA27B85C23007001D3 /* Build configuration list for PBXProject "RedditAggregator" */;
			compatibilityVersion = "Xcode 9.3";
			developmentRegion = en;
			hasScannedForEncodings = 0;
			knownRegions = (
				en,
				Base,
			);
			mainGroup = 97CFC3C627B85C23007001D3;
			productRefGroup = 97CFC3D027B85C23007001D3 /* Products */;
			projectDirPath = "";
			projectRoot = "";
			targets = (
				97CFC3CE27B85C23007001D3 /* RedditAggregator */,
			);
		};
/* End PBXProject section */

/* Begin PBXResourcesBuildPhase section */
		97CFC3CD27B85C23007001D3 /* Resources */ = {
			isa = PBXResourcesBuildPhase;
			buildActionMask = 2147483647;
			files = (
				97CFC3DF27B85C26007001D3 /* LaunchScreen.storyboard in Resources */,
				97CFC3DC27B85C26007001D3 /* Assets.xcassets in Resources */,
				97CFC3DA27B85C23007001D3 /* Main.storyboard in Resources */,
			);
			runOnlyForDeploymentPostprocessing = 0;
		};
/* End PBXResourcesBuildPhase section */

/* Begin PBXShellScriptBuildPhase section */
		21BB206B3ACF3A2E455E80BE /* [CP] Check Pods Manifest.lock */ = {
			isa = PBXShellScriptBuildPhase;
			buildActionMask = 2147483647;
			files = (
			);
			inputFileListPaths = (
			);
			inputPaths = (
				"${PODS_PODFILE_DIR_PATH}/Podfile.lock",
				"${PODS_ROOT}/Manifest.lock",
			);
			name = "[CP] Check Pods Manifest.lock";
			outputFileListPaths = (
			);
			outputPaths = (
				"$(DERIVED_FILE_DIR)/Pods-RedditAggregator-checkManifestLockResult.txt",
			);
			runOnlyForDeploymentPostprocessing = 0;
			shellPath = /bin/sh;
			shellScript = "diff \"${PODS_PODFILE_DIR_PATH}/Podfile.lock\" \"${PODS_ROOT}/Manifest.lock\" > /dev/null\nif [ $? != 0 ] ; then\n    # print error to STDERR\n    echo \"error: The sandbox is not in sync with the Podfile.lock. Run 'pod install' or update your CocoaPods installation.\" >&2\n    exit 1\nfi\n# This output is used by Xcode 'outputs' to avoid re-running this script phase.\necho \"SUCCESS\" > \"${SCRIPT_OUTPUT_FILE_0}\"\n";
			showEnvVarsInLog = 0;
		};
		F264DE1501FF90B99A602C43 /* [CP] Embed Pods Frameworks */ = {
			isa = PBXShellScriptBuildPhase;
			buildActionMask = 2147483647;
			files = (
			);
			inputFileListPaths = (
				"${PODS_ROOT}/Target Support Files/Pods-RedditAggregator/Pods-RedditAggregator-frameworks-${CONFIGURATION}-input-files.xcfilelist",
			);
			name = "[CP] Embed Pods Frameworks";
			outputFileListPaths = (
				"${PODS_ROOT}/Target Support Files/Pods-RedditAggregator/Pods-RedditAggregator-frameworks-${CONFIGURATION}-output-files.xcfilelist",
			);
			runOnlyForDeploymentPostprocessing = 0;
			shellPath = /bin/sh;
			shellScript = "\"${PODS_ROOT}/Target Support Files/Pods-RedditAggregator/Pods-RedditAggregator-frameworks.sh\"\n";
			showEnvVarsInLog = 0;
		};
/* End PBXShellScriptBuildPhase section */

/* Begin PBXSourcesBuildPhase section */
		97CFC3CB27B85C23007001D3 /* Sources */ = {
			isa = PBXSourcesBuildPhase;
			buildActionMask = 2147483647;
			files = (
				9746777027B9221E00F6F7BE /* PostViewController.swift in Sources */,
				9746777827B92E7C00F6F7BE /* PostFetcher.swift in Sources */,
				97CFC3D727B85C23007001D3 /* ViewController.swift in Sources */,
				97CFC3D327B85C23007001D3 /* AppDelegate.swift in Sources */,
				97CFC3D527B85C23007001D3 /* SceneDelegate.swift in Sources */,
				9746777427B9237B00F6F7BE /* Post.swift in Sources */,
			);
			runOnlyForDeploymentPostprocessing = 0;
		};
/* End PBXSourcesBuildPhase section */

/* Begin PBXVariantGroup section */
		97CFC3D827B85C23007001D3 /* Main.storyboard */ = {
			isa = PBXVariantGroup;
			children = (
				97CFC3D927B85C23007001D3 /* Base */,
			);
			name = Main.storyboard;
			sourceTree = "<group>";
		};
		97CFC3DD27B85C26007001D3 /* LaunchScreen.storyboard */ = {
			isa = PBXVariantGroup;
			children = (
				97CFC3DE27B85C26007001D3 /* Base */,
			);
			name = LaunchScreen.storyboard;
			sourceTree = "<group>";
		};
/* End PBXVariantGroup section */

/* Begin XCBuildConfiguration section */
		97CFC3E127B85C26007001D3 /* Debug */ = {
			isa = XCBuildConfiguration;
			buildSettings = {
				ALWAYS_SEARCH_USER_PATHS = NO;
				CLANG_ANALYZER_NONNULL = YES;
				CLANG_ANALYZER_NUMBER_OBJECT_CONVERSION = YES_AGGRESSIVE;
				CLANG_CXX_LANGUAGE_STANDARD = "gnu++14";
				CLANG_CXX_LIBRARY = "libc++";
				CLANG_ENABLE_MODULES = YES;
				CLANG_ENABLE_OBJC_ARC = YES;
				CLANG_ENABLE_OBJC_WEAK = YES;
				CLANG_WARN_BLOCK_CAPTURE_AUTORELEASING = YES;
				CLANG_WARN_BOOL_CONVERSION = YES;
				CLANG_WARN_COMMA = YES;
				CLANG_WARN_CONSTANT_CONVERSION = YES;
				CLANG_WARN_DEPRECATED_OBJC_IMPLEMENTATIONS = YES;
				CLANG_WARN_DIRECT_OBJC_ISA_USAGE = YES_ERROR;
				CLANG_WARN_DOCUMENTATION_COMMENTS = YES;
				CLANG_WARN_EMPTY_BODY = YES;
				CLANG_WARN_ENUM_CONVERSION = YES;
				CLANG_WARN_INFINITE_RECURSION = YES;
				CLANG_WARN_INT_CONVERSION = YES;
				CLANG_WARN_NON_LITERAL_NULL_CONVERSION = YES;
				CLANG_WARN_OBJC_IMPLICIT_RETAIN_SELF = YES;
				CLANG_WARN_OBJC_LITERAL_CONVERSION = YES;
				CLANG_WARN_OBJC_ROOT_CLASS = YES_ERROR;
				CLANG_WARN_QUOTED_INCLUDE_IN_FRAMEWORK_HEADER = YES;
				CLANG_WARN_RANGE_LOOP_ANALYSIS = YES;
				CLANG_WARN_STRICT_PROTOTYPES = YES;
				CLANG_WARN_SUSPICIOUS_MOVE = YES;
				CLANG_WARN_UNGUARDED_AVAILABILITY = YES_AGGRESSIVE;
				CLANG_WARN_UNREACHABLE_CODE = YES;
				CLANG_WARN__DUPLICATE_METHOD_MATCH = YES;
				COPY_PHASE_STRIP = NO;
				DEBUG_INFORMATION_FORMAT = dwarf;
				ENABLE_STRICT_OBJC_MSGSEND = YES;
				ENABLE_TESTABILITY = YES;
				GCC_C_LANGUAGE_STANDARD = gnu11;
				GCC_DYNAMIC_NO_PIC = NO;
				GCC_NO_COMMON_BLOCKS = YES;
				GCC_OPTIMIZATION_LEVEL = 0;
				GCC_PREPROCESSOR_DEFINITIONS = (
					"DEBUG=1",
					"$(inherited)",
				);
				GCC_WARN_64_TO_32_BIT_CONVERSION = YES;
				GCC_WARN_ABOUT_RETURN_TYPE = YES_ERROR;
				GCC_WARN_UNDECLARED_SELECTOR = YES;
				GCC_WARN_UNINITIALIZED_AUTOS = YES_AGGRESSIVE;
				GCC_WARN_UNUSED_FUNCTION = YES;
				GCC_WARN_UNUSED_VARIABLE = YES;
				IPHONEOS_DEPLOYMENT_TARGET = 14.4;
				MTL_ENABLE_DEBUG_INFO = INCLUDE_SOURCE;
				MTL_FAST_MATH = YES;
				ONLY_ACTIVE_ARCH = YES;
				SDKROOT = iphoneos;
				SWIFT_ACTIVE_COMPILATION_CONDITIONS = DEBUG;
				SWIFT_OPTIMIZATION_LEVEL = "-Onone";
			};
			name = Debug;
		};
		97CFC3E227B85C26007001D3 /* Release */ = {
			isa = XCBuildConfiguration;
			buildSettings = {
				ALWAYS_SEARCH_USER_PATHS = NO;
				CLANG_ANALYZER_NONNULL = YES;
				CLANG_ANALYZER_NUMBER_OBJECT_CONVERSION = YES_AGGRESSIVE;
				CLANG_CXX_LANGUAGE_STANDARD = "gnu++14";
				CLANG_CXX_LIBRARY = "libc++";
				CLANG_ENABLE_MODULES = YES;
				CLANG_ENABLE_OBJC_ARC = YES;
				CLANG_ENABLE_OBJC_WEAK = YES;
				CLANG_WARN_BLOCK_CAPTURE_AUTORELEASING = YES;
				CLANG_WARN_BOOL_CONVERSION = YES;
				CLANG_WARN_COMMA = YES;
				CLANG_WARN_CONSTANT_CONVERSION = YES;
				CLANG_WARN_DEPRECATED_OBJC_IMPLEMENTATIONS = YES;
				CLANG_WARN_DIRECT_OBJC_ISA_USAGE = YES_ERROR;
				CLANG_WARN_DOCUMENTATION_COMMENTS = YES;
				CLANG_WARN_EMPTY_BODY = YES;
				CLANG_WARN_ENUM_CONVERSION = YES;
				CLANG_WARN_INFINITE_RECURSION = YES;
				CLANG_WARN_INT_CONVERSION = YES;
				CLANG_WARN_NON_LITERAL_NULL_CONVERSION = YES;
				CLANG_WARN_OBJC_IMPLICIT_RETAIN_SELF = YES;
				CLANG_WARN_OBJC_LITERAL_CONVERSION = YES;
				CLANG_WARN_OBJC_ROOT_CLASS = YES_ERROR;
				CLANG_WARN_QUOTED_INCLUDE_IN_FRAMEWORK_HEADER = YES;
				CLANG_WARN_RANGE_LOOP_ANALYSIS = YES;
				CLANG_WARN_STRICT_PROTOTYPES = YES;
				CLANG_WARN_SUSPICIOUS_MOVE = YES;
				CLANG_WARN_UNGUARDED_AVAILABILITY = YES_AGGRESSIVE;
				CLANG_WARN_UNREACHABLE_CODE = YES;
				CLANG_WARN__DUPLICATE_METHOD_MATCH = YES;
				COPY_PHASE_STRIP = NO;
				DEBUG_INFORMATION_FORMAT = "dwarf-with-dsym";
				ENABLE_NS_ASSERTIONS = NO;
				ENABLE_STRICT_OBJC_MSGSEND = YES;
				GCC_C_LANGUAGE_STANDARD = gnu11;
				GCC_NO_COMMON_BLOCKS = YES;
				GCC_WARN_64_TO_32_BIT_CONVERSION = YES;
				GCC_WARN_ABOUT_RETURN_TYPE = YES_ERROR;
				GCC_WARN_UNDECLARED_SELECTOR = YES;
				GCC_WARN_UNINITIALIZED_AUTOS = YES_AGGRESSIVE;
				GCC_WARN_UNUSED_FUNCTION = YES;
				GCC_WARN_UNUSED_VARIABLE = YES;
				IPHONEOS_DEPLOYMENT_TARGET = 14.4;
				MTL_ENABLE_DEBUG_INFO = NO;
				MTL_FAST_MATH = YES;
				SDKROOT = iphoneos;
				SWIFT_COMPILATION_MODE = wholemodule;
				SWIFT_OPTIMIZATION_LEVEL = "-O";
				VALIDATE_PRODUCT = YES;
			};
			name = Release;
		};
		97CFC3E427B85C26007001D3 /* Debug */ = {
			isa = XCBuildConfiguration;
			baseConfigurationReference = 3E724C75DCBA2CD926AFAAC5 /* Pods-RedditAggregator.debug.xcconfig */;
			buildSettings = {
				ASSETCATALOG_COMPILER_APPICON_NAME = AppIcon;
				ASSETCATALOG_COMPILER_GLOBAL_ACCENT_COLOR_NAME = AccentColor;
				CODE_SIGN_STYLE = Automatic;
				DEVELOPMENT_TEAM = VNU8KKW4GG;
				INFOPLIST_FILE = RedditAggregator/Info.plist;
				LD_RUNPATH_SEARCH_PATHS = (
					"$(inherited)",
					"@executable_path/Frameworks",
				);
				PRODUCT_BUNDLE_IDENTIFIER = ua.edu.ukma.litvinchuk.RedditAggregator;
				PRODUCT_NAME = "$(TARGET_NAME)";
				SWIFT_VERSION = 5.0;
				TARGETED_DEVICE_FAMILY = 1;
			};
			name = Debug;
		};
		97CFC3E527B85C26007001D3 /* Release */ = {
			isa = XCBuildConfiguration;
			baseConfigurationReference = 5F11D6EA5CABC7DBEEB2E37E /* Pods-RedditAggregator.release.xcconfig */;
			buildSettings = {
				ASSETCATALOG_COMPILER_APPICON_NAME = AppIcon;
				ASSETCATALOG_COMPILER_GLOBAL_ACCENT_COLOR_NAME = AccentColor;
				CODE_SIGN_STYLE = Automatic;
				DEVELOPMENT_TEAM = VNU8KKW4GG;
				INFOPLIST_FILE = RedditAggregator/Info.plist;
				LD_RUNPATH_SEARCH_PATHS = (
					"$(inherited)",
					"@executable_path/Frameworks",
				);
				PRODUCT_BUNDLE_IDENTIFIER = ua.edu.ukma.litvinchuk.RedditAggregator;
				PRODUCT_NAME = "$(TARGET_NAME)";
				SWIFT_VERSION = 5.0;
				TARGETED_DEVICE_FAMILY = 1;
			};
			name = Release;
		};
/* End XCBuildConfiguration section */

/* Begin XCConfigurationList section */
		97CFC3CA27B85C23007001D3 /* Build configuration list for PBXProject "RedditAggregator" */ = {
			isa = XCConfigurationList;
			buildConfigurations = (
				97CFC3E127B85C26007001D3 /* Debug */,
				97CFC3E227B85C26007001D3 /* Release */,
			);
			defaultConfigurationIsVisible = 0;
			defaultConfigurationName = Release;
		};
		97CFC3E327B85C26007001D3 /* Build configuration list for PBXNativeTarget "RedditAggregator" */ = {
			isa = XCConfigurationList;
			buildConfigurations = (
				97CFC3E427B85C26007001D3 /* Debug */,
				97CFC3E527B85C26007001D3 /* Release */,
			);
			defaultConfigurationIsVisible = 0;
			defaultConfigurationName = Release;
		};
/* End XCConfigurationList section */
	};
	rootObject = 97CFC3C727B85C23007001D3 /* Project object */;
}
